
Microsoft Visual Studio Solution File, Format Version 12.00
# Visual Studio 15
VisualStudioVersion = 15.0.28010.2048
MinimumVisualStudioVersion = 10.0.40219.1
Project("{FAE04EC0-301F-11D3-BF4B-00C04F79EFBC}") = "Flykits", "Flykits\Flykits.csproj", "{B8375F0C-A6A9-4C52-B481-6776E7A03C54}"
EndProject
Global
	GlobalSection(SolutionConfigurationPlatforms) = preSolution
		Debug|Any CPU = Debug|Any CPU
		Release|Any CPU = Release|Any CPU
	EndGlobalSection
	GlobalSection(ProjectConfigurationPlatforms) = postSolution
		{B8375F0C-A6A9-4C52-B481-6776E7A03C54}.Debug|Any CPU.ActiveCfg = Debug|Any CPU
		{B8375F0C-A6A9-4C52-B481-6776E7A03C54}.Debug|Any CPU.Build.0 = Debug|Any CPU
		{B8375F0C-A6A9-4C52-B481-6776E7A03C54}.Release|Any CPU.ActiveCfg = Release|Any CPU
		{B8375F0C-A6A9-4C52-B481-6776E7A03C54}.Release|Any CPU.Build.0 = Release|Any CPU
	EndGlobalSection
	GlobalSection(SolutionProperties) = preSolution
		HideSolutionNode = FALSE
	EndGlobalSection
	GlobalSection(ExtensibilityGlobals) = postSolution
		SolutionGuid = {C7415C01-68BC-42F8-8525-1DAB9C873FDA}
	EndGlobalSection
EndGlobal
